
Microsoft Visual Studio Solution File, Format Version 12.00
# Visual Studio Version 16
VisualStudioVersion = 16.0.29025.244
MinimumVisualStudioVersion = 10.0.40219.1
Project("{FAE04EC0-301F-11D3-BF4B-00C04F79EFBC}") = "Exercicio 1", "Exercicio 1\Exercicio 1.csproj", "{46F72362-D5C7-4708-95F9-992F906F9363}"
EndProject
Project("{FAE04EC0-301F-11D3-BF4B-00C04F79EFBC}") = "exercicio 2", "exercicio 2\exercicio 2.csproj", "{3AA16424-0E33-4DB0-99B7-390EF43EAA20}"
EndProject
Global
	GlobalSection(SolutionConfigurationPlatforms) = preSolution
		Debug|Any CPU = Debug|Any CPU
		Release|Any CPU = Release|Any CPU
	EndGlobalSection
	GlobalSection(ProjectConfigurationPlatforms) = postSolution
		{46F72362-D5C7-4708-95F9-992F906F9363}.Debug|Any CPU.ActiveCfg = Debug|Any CPU
		{46F72362-D5C7-4708-95F9-992F906F9363}.Debug|Any CPU.Build.0 = Debug|Any CPU
		{46F72362-D5C7-4708-95F9-992F906F9363}.Release|Any CPU.ActiveCfg = Release|Any CPU
		{46F72362-D5C7-4708-95F9-992F906F9363}.Release|Any CPU.Build.0 = Release|Any CPU
		{3AA16424-0E33-4DB0-99B7-390EF43EAA20}.Debug|Any CPU.ActiveCfg = Debug|Any CPU
		{3AA16424-0E33-4DB0-99B7-390EF43EAA20}.Debug|Any CPU.Build.0 = Debug|Any CPU
		{3AA16424-0E33-4DB0-99B7-390EF43EAA20}.Release|Any CPU.ActiveCfg = Release|Any CPU
		{3AA16424-0E33-4DB0-99B7-390EF43EAA20}.Release|Any CPU.Build.0 = Release|Any CPU
	EndGlobalSection
	GlobalSection(SolutionProperties) = preSolution
		HideSolutionNode = FALSE
	EndGlobalSection
	GlobalSection(ExtensibilityGlobals) = postSolution
		SolutionGuid = {23DDF74F-5CD1-4CC7-A853-BBD6C7F18B37}
	EndGlobalSection
EndGlobal
